
Microsoft Visual Studio Solution File, Format Version 12.00
# Visual Studio Version 16
VisualStudioVersion = 16.0.31911.196
MinimumVisualStudioVersion = 10.0.40219.1
Project("{778DAE3C-4631-46EA-AA77-85C1314464D9}") = "TFFEImageClassification.Train", "ImageClassification.Train\TFFEImageClassification.Train.vbproj", "{FFD040FD-57AD-4883-AE76-71CB67CC7160}"
EndProject
Project("{778DAE3C-4631-46EA-AA77-85C1314464D9}") = "TFFEImageClassification.Predict", "ImageClassification.Predict\TFFEImageClassification.Predict.vbproj", "{1D1C12F3-B3ED-4672-9A28-B7AA73C49AF6}"
EndProject
Global
	GlobalSection(SolutionConfigurationPlatforms) = preSolution
		Debug|Any CPU = Debug|Any CPU
		Release|Any CPU = Release|Any CPU
	EndGlobalSection
	GlobalSection(ProjectConfigurationPlatforms) = postSolution
		{FFD040FD-57AD-4883-AE76-71CB67CC7160}.Debug|Any CPU.ActiveCfg = Debug|Any CPU
		{FFD040FD-57AD-4883-AE76-71CB67CC7160}.Debug|Any CPU.Build.0 = Debug|Any CPU
		{FFD040FD-57AD-4883-AE76-71CB67CC7160}.Release|Any CPU.ActiveCfg = Release|Any CPU
		{FFD040FD-57AD-4883-AE76-71CB67CC7160}.Release|Any CPU.Build.0 = Release|Any CPU
		{1D1C12F3-B3ED-4672-9A28-B7AA73C49AF6}.Debug|Any CPU.ActiveCfg = Debug|Any CPU
		{1D1C12F3-B3ED-4672-9A28-B7AA73C49AF6}.Debug|Any CPU.Build.0 = Debug|Any CPU
		{1D1C12F3-B3ED-4672-9A28-B7AA73C49AF6}.Release|Any CPU.ActiveCfg = Release|Any CPU
		{1D1C12F3-B3ED-4672-9A28-B7AA73C49AF6}.Release|Any CPU.Build.0 = Release|Any CPU
	EndGlobalSection
	GlobalSection(SolutionProperties) = preSolution
		HideSolutionNode = FALSE
	EndGlobalSection
	GlobalSection(ExtensibilityGlobals) = postSolution
		SolutionGuid = {69FBD1BF-CA94-4620-B19D-09566B2B61AB}
	EndGlobalSection
EndGlobal
