
Microsoft Visual Studio Solution File, Format Version 12.00
# Visual Studio Version 16
VisualStudioVersion = 16.0.31911.196
MinimumVisualStudioVersion = 10.0.40219.1
Project("{F184B08F-C81C-45F6-A57F-5ABD9991F28F}") = "SpikeDetection", "SpikeDetection\SpikeDetectionConsoleApp\SpikeDetection.vbproj", "{FD2AB6B8-B137-4393-A79C-BC3C19C168D6}"
EndProject
Global
	GlobalSection(SolutionConfigurationPlatforms) = preSolution
		Debug|Any CPU = Debug|Any CPU
		Release|Any CPU = Release|Any CPU
	EndGlobalSection
	GlobalSection(ProjectConfigurationPlatforms) = postSolution
		{FD2AB6B8-B137-4393-A79C-BC3C19C168D6}.Debug|Any CPU.ActiveCfg = Debug|Any CPU
		{FD2AB6B8-B137-4393-A79C-BC3C19C168D6}.Debug|Any CPU.Build.0 = Debug|Any CPU
		{FD2AB6B8-B137-4393-A79C-BC3C19C168D6}.Release|Any CPU.ActiveCfg = Release|Any CPU
		{FD2AB6B8-B137-4393-A79C-BC3C19C168D6}.Release|Any CPU.Build.0 = Release|Any CPU
	EndGlobalSection
	GlobalSection(SolutionProperties) = preSolution
		HideSolutionNode = FALSE
	EndGlobalSection
	GlobalSection(ExtensibilityGlobals) = postSolution
		SolutionGuid = {95DA06CA-53C1-4DCF-BCD7-A155D065C91D}
	EndGlobalSection
EndGlobal
